Microsoft Visual Studio Solution File, Format Version 11.00
# Visual Studio 2008

Project("{9B7CBB86-E81B-F47B-2CAF-55020757ACCE}") = "3DTest", "Assembly-CSharp.csproj", "{342D9D13-7E6C-A743-C710-6FE93ECAB8EB}"
EndProject
Project("{9B7CBB86-E81B-F47B-2CAF-55020757ACCE}") = "3DTest", "Assembly-CSharp-Editor.csproj", "{620489F8-C16E-4D01-3164-24287BBE4842}"
EndProject
Global
	GlobalSection(SolutionConfigurationPlatforms) = preSolution
		Debug|Any CPU = Debug|Any CPU
		Release|Any CPU = Release|Any CPU
	EndGlobalSection
	GlobalSection(ProjectConfigurationPlatforms) = postSolution
		{342D9D13-7E6C-A743-C710-6FE93ECAB8EB}.Debug|Any CPU.ActiveCfg = Debug|Any CPU
		{342D9D13-7E6C-A743-C710-6FE93ECAB8EB}.Debug|Any CPU.Build.0 = Debug|Any CPU
		{342D9D13-7E6C-A743-C710-6FE93ECAB8EB}.Release|Any CPU.ActiveCfg = Release|Any CPU
		{342D9D13-7E6C-A743-C710-6FE93ECAB8EB}.Release|Any CPU.Build.0 = Release|Any CPU
		{620489F8-C16E-4D01-3164-24287BBE4842}.Debug|Any CPU.ActiveCfg = Debug|Any CPU
		{620489F8-C16E-4D01-3164-24287BBE4842}.Debug|Any CPU.Build.0 = Debug|Any CPU
		{620489F8-C16E-4D01-3164-24287BBE4842}.Release|Any CPU.ActiveCfg = Release|Any CPU
		{620489F8-C16E-4D01-3164-24287BBE4842}.Release|Any CPU.Build.0 = Release|Any CPU
	EndGlobalSection
	GlobalSection(SolutionProperties) = preSolution
		HideSolutionNode = FALSE
	EndGlobalSection
	GlobalSection(MonoDevelopProperties) = preSolution
		StartupItem = Assembly-CSharp.csproj
	EndGlobalSection
EndGlobal
